
Microsoft Visual Studio Solution File, Format Version 12.00
# Visual Studio Version 17
VisualStudioVersion = 17.5.002.0
MinimumVisualStudioVersion = 10.0.40219.1
Project("{9A19103F-16F7-4668-BE54-9A1E7A4F7556}") = "Exo.WebApi", "Exo.WebApi.csproj", "{F3A93434-1CD4-4085-8720-1A9ACEA2C762}"
EndProject
Global
	GlobalSection(SolutionConfigurationPlatforms) = preSolution
		Debug|Any CPU = Debug|Any CPU
		Release|Any CPU = Release|Any CPU
	EndGlobalSection
	GlobalSection(ProjectConfigurationPlatforms) = postSolution
		{F3A93434-1CD4-4085-8720-1A9ACEA2C762}.Debug|Any CPU.ActiveCfg = Debug|Any CPU
		{F3A93434-1CD4-4085-8720-1A9ACEA2C762}.Debug|Any CPU.Build.0 = Debug|Any CPU
		{F3A93434-1CD4-4085-8720-1A9ACEA2C762}.Release|Any CPU.ActiveCfg = Release|Any CPU
		{F3A93434-1CD4-4085-8720-1A9ACEA2C762}.Release|Any CPU.Build.0 = Release|Any CPU
	EndGlobalSection
	GlobalSection(SolutionProperties) = preSolution
		HideSolutionNode = FALSE
	EndGlobalSection
	GlobalSection(ExtensibilityGlobals) = postSolution
		SolutionGuid = {50CB8F30-2519-484E-A379-21C1F67FE3DB}
	EndGlobalSection
EndGlobal
